
Microsoft Visual Studio Solution File, Format Version 12.00
# Visual Studio Version 17
VisualStudioVersion = 17.6.33801.468
MinimumVisualStudioVersion = 10.0.40219.1
Project("{FAE04EC0-301F-11D3-BF4B-00C04F79EFBC}") = "FinalAssignment", "FinalAssignment\FinalAssignment.csproj", "{3F7A6C32-CD77-4BA7-A67A-C689F4B92914}"
EndProject
Global
	GlobalSection(SolutionConfigurationPlatforms) = preSolution
		Debug|Any CPU = Debug|Any CPU
		Release|Any CPU = Release|Any CPU
	EndGlobalSection
	GlobalSection(ProjectConfigurationPlatforms) = postSolution
		{3F7A6C32-CD77-4BA7-A67A-C689F4B92914}.Debug|Any CPU.ActiveCfg = Debug|Any CPU
		{3F7A6C32-CD77-4BA7-A67A-C689F4B92914}.Debug|Any CPU.Build.0 = Debug|Any CPU
		{3F7A6C32-CD77-4BA7-A67A-C689F4B92914}.Release|Any CPU.ActiveCfg = Release|Any CPU
		{3F7A6C32-CD77-4BA7-A67A-C689F4B92914}.Release|Any CPU.Build.0 = Release|Any CPU
	EndGlobalSection
	GlobalSection(SolutionProperties) = preSolution
		HideSolutionNode = FALSE
	EndGlobalSection
	GlobalSection(ExtensibilityGlobals) = postSolution
		SolutionGuid = {C23239BF-21ED-4562-87CB-0128C96FA502}
	EndGlobalSection
EndGlobal
