
Microsoft Visual Studio Solution File, Format Version 12.00
# Visual Studio Version 17
VisualStudioVersion = 17.6.33801.468
MinimumVisualStudioVersion = 10.0.40219.1
Project("{FAE04EC0-301F-11D3-BF4B-00C04F79EFBC}") = "CarInsurance", "CarInsurance\CarInsurance.csproj", "{46744F09-EE8A-454F-8FF8-151355CDBBD0}"
EndProject
Global
	GlobalSection(SolutionConfigurationPlatforms) = preSolution
		Debug|Any CPU = Debug|Any CPU
		Release|Any CPU = Release|Any CPU
	EndGlobalSection
	GlobalSection(ProjectConfigurationPlatforms) = postSolution
		{46744F09-EE8A-454F-8FF8-151355CDBBD0}.Debug|Any CPU.ActiveCfg = Debug|Any CPU
		{46744F09-EE8A-454F-8FF8-151355CDBBD0}.Debug|Any CPU.Build.0 = Debug|Any CPU
		{46744F09-EE8A-454F-8FF8-151355CDBBD0}.Release|Any CPU.ActiveCfg = Release|Any CPU
		{46744F09-EE8A-454F-8FF8-151355CDBBD0}.Release|Any CPU.Build.0 = Release|Any CPU
	EndGlobalSection
	GlobalSection(SolutionProperties) = preSolution
		HideSolutionNode = FALSE
	EndGlobalSection
	GlobalSection(ExtensibilityGlobals) = postSolution
		SolutionGuid = {DB3E524D-1053-4DAA-9AD2-725F8B0F398C}
	EndGlobalSection
EndGlobal
